
Microsoft Visual Studio Solution File, Format Version 12.00
# Visual Studio Version 16
VisualStudioVersion = 16.0.29519.181
MinimumVisualStudioVersion = 10.0.40219.1
Project("{9A19103F-16F7-4668-BE54-9A1E7A4F7556}") = "AdvertApi", "AdvertApi.csproj", "{3B79B3DB-CC44-47ED-A5F2-36288FEBDA18}"
EndProject
Project("{9A19103F-16F7-4668-BE54-9A1E7A4F7556}") = "AdvertApi.Models", "..\..\AdvertApi.Models\AdvertApi.Models.csproj", "{AE705507-5603-4E73-AEE1-5C75066A9265}"
EndProject
Global
	GlobalSection(SolutionConfigurationPlatforms) = preSolution
		Debug|Any CPU = Debug|Any CPU
		Release|Any CPU = Release|Any CPU
	EndGlobalSection
	GlobalSection(ProjectConfigurationPlatforms) = postSolution
		{3B79B3DB-CC44-47ED-A5F2-36288FEBDA18}.Debug|Any CPU.ActiveCfg = Debug|Any CPU
		{3B79B3DB-CC44-47ED-A5F2-36288FEBDA18}.Debug|Any CPU.Build.0 = Debug|Any CPU
		{3B79B3DB-CC44-47ED-A5F2-36288FEBDA18}.Release|Any CPU.ActiveCfg = Release|Any CPU
		{3B79B3DB-CC44-47ED-A5F2-36288FEBDA18}.Release|Any CPU.Build.0 = Release|Any CPU
		{AE705507-5603-4E73-AEE1-5C75066A9265}.Debug|Any CPU.ActiveCfg = Debug|Any CPU
		{AE705507-5603-4E73-AEE1-5C75066A9265}.Debug|Any CPU.Build.0 = Debug|Any CPU
		{AE705507-5603-4E73-AEE1-5C75066A9265}.Release|Any CPU.ActiveCfg = Release|Any CPU
		{AE705507-5603-4E73-AEE1-5C75066A9265}.Release|Any CPU.Build.0 = Release|Any CPU
	EndGlobalSection
	GlobalSection(SolutionProperties) = preSolution
		HideSolutionNode = FALSE
	EndGlobalSection
	GlobalSection(ExtensibilityGlobals) = postSolution
		SolutionGuid = {37A34DFD-843E-4B26-89B4-B03CBF4D273B}
	EndGlobalSection
EndGlobal
